
Microsoft Visual Studio Solution File, Format Version 12.00
# Visual Studio Version 16
VisualStudioVersion = 16.0.29215.179
MinimumVisualStudioVersion = 10.0.40219.1
Project("{FAE04EC0-301F-11D3-BF4B-00C04F79EFBC}") = "AddLayer", "AddLayer\AddLayer.csproj", "{9A08424B-A9B5-411B-988C-026D869B00F4}"
EndProject
Global
	GlobalSection(SolutionConfigurationPlatforms) = preSolution
		Ad-Hoc|iPhone = Ad-Hoc|iPhone
		Ad-Hoc|iPhoneSimulator = Ad-Hoc|iPhoneSimulator
		AppStore|iPhone = AppStore|iPhone
		AppStore|iPhoneSimulator = AppStore|iPhoneSimulator
		Debug|iPhone = Debug|iPhone
		Debug|iPhoneSimulator = Debug|iPhoneSimulator
		Release|iPhone = Release|iPhone
		Release|iPhoneSimulator = Release|iPhoneSimulator
	EndGlobalSection
	GlobalSection(ProjectConfigurationPlatforms) = postSolution
		{9A08424B-A9B5-411B-988C-026D869B00F4}.Ad-Hoc|iPhone.ActiveCfg = Ad-Hoc|iPhone
		{9A08424B-A9B5-411B-988C-026D869B00F4}.Ad-Hoc|iPhone.Build.0 = Ad-Hoc|iPhone
		{9A08424B-A9B5-411B-988C-026D869B00F4}.Ad-Hoc|iPhoneSimulator.ActiveCfg = Ad-Hoc|iPhoneSimulator
		{9A08424B-A9B5-411B-988C-026D869B00F4}.Ad-Hoc|iPhoneSimulator.Build.0 = Ad-Hoc|iPhoneSimulator
		{9A08424B-A9B5-411B-988C-026D869B00F4}.AppStore|iPhone.ActiveCfg = AppStore|iPhone
		{9A08424B-A9B5-411B-988C-026D869B00F4}.AppStore|iPhone.Build.0 = AppStore|iPhone
		{9A08424B-A9B5-411B-988C-026D869B00F4}.AppStore|iPhoneSimulator.ActiveCfg = AppStore|iPhoneSimulator
		{9A08424B-A9B5-411B-988C-026D869B00F4}.AppStore|iPhoneSimulator.Build.0 = AppStore|iPhoneSimulator
		{9A08424B-A9B5-411B-988C-026D869B00F4}.Debug|iPhone.ActiveCfg = Debug|iPhone
		{9A08424B-A9B5-411B-988C-026D869B00F4}.Debug|iPhone.Build.0 = Debug|iPhone
		{9A08424B-A9B5-411B-988C-026D869B00F4}.Debug|iPhoneSimulator.ActiveCfg = Debug|iPhoneSimulator
		{9A08424B-A9B5-411B-988C-026D869B00F4}.Debug|iPhoneSimulator.Build.0 = Debug|iPhoneSimulator
		{9A08424B-A9B5-411B-988C-026D869B00F4}.Release|iPhone.ActiveCfg = Release|iPhone
		{9A08424B-A9B5-411B-988C-026D869B00F4}.Release|iPhone.Build.0 = Release|iPhone
		{9A08424B-A9B5-411B-988C-026D869B00F4}.Release|iPhoneSimulator.ActiveCfg = Release|iPhoneSimulator
		{9A08424B-A9B5-411B-988C-026D869B00F4}.Release|iPhoneSimulator.Build.0 = Release|iPhoneSimulator
	EndGlobalSection
	GlobalSection(SolutionProperties) = preSolution
		HideSolutionNode = FALSE
	EndGlobalSection
	GlobalSection(ExtensibilityGlobals) = postSolution
		SolutionGuid = {D0D7BEA2-08AF-4C08-8B87-6420016025F5}
	EndGlobalSection
EndGlobal
